
Microsoft Visual Studio Solution File, Format Version 12.00
# Visual Studio Version 17
VisualStudioVersion = 17.0.31903.59
MinimumVisualStudioVersion = 10.0.40219.1
Project("{9A19103F-16F7-4668-BE54-9A1E7A4F7556}") = "API", "API\API.csproj", "{3AC684D4-E965-4F8F-AC8A-8E7CA0A3A325}"
EndProject
Project("{FAE04EC0-301F-11D3-BF4B-00C04F79EFBC}") = "API.Data", "API.Data\API.Data.csproj", "{D5885709-E7E3-4BD3-AF59-938828B392BF}"
EndProject
Global
	GlobalSection(SolutionConfigurationPlatforms) = preSolution
		Debug|Any CPU = Debug|Any CPU
		Release|Any CPU = Release|Any CPU
	EndGlobalSection
	GlobalSection(ProjectConfigurationPlatforms) = postSolution
		{3AC684D4-E965-4F8F-AC8A-8E7CA0A3A325}.Debug|Any CPU.ActiveCfg = Debug|Any CPU
		{3AC684D4-E965-4F8F-AC8A-8E7CA0A3A325}.Debug|Any CPU.Build.0 = Debug|Any CPU
		{3AC684D4-E965-4F8F-AC8A-8E7CA0A3A325}.Release|Any CPU.ActiveCfg = Release|Any CPU
		{3AC684D4-E965-4F8F-AC8A-8E7CA0A3A325}.Release|Any CPU.Build.0 = Release|Any CPU
		{D5885709-E7E3-4BD3-AF59-938828B392BF}.Debug|Any CPU.ActiveCfg = Debug|Any CPU
		{D5885709-E7E3-4BD3-AF59-938828B392BF}.Debug|Any CPU.Build.0 = Debug|Any CPU
		{D5885709-E7E3-4BD3-AF59-938828B392BF}.Release|Any CPU.ActiveCfg = Release|Any CPU
		{D5885709-E7E3-4BD3-AF59-938828B392BF}.Release|Any CPU.Build.0 = Release|Any CPU
	EndGlobalSection
	GlobalSection(SolutionProperties) = preSolution
		HideSolutionNode = FALSE
	EndGlobalSection
	GlobalSection(ExtensibilityGlobals) = postSolution
		SolutionGuid = {8E96E17A-EFBD-4A2B-863A-AE7118783CDA}
	EndGlobalSection
EndGlobal
